{
  "name": "public",
  "version": "1.0.0",
  "lockfileVersion": 1,
  "dependencies": {
    "@uirouter/angularjs": {
      "version": "1.0.4",
      "resolved": "https://registry.npmjs.org/@uirouter/angularjs/-/angularjs-1.0.4.tgz",
      "integrity": "sha512-8Bd8BAZMkExBvA6Zf2ucEQG+Gnb3MYHumiiFDRzOSLIjtqear6TCFYqwrkWZM9yOuRgYOfVGymHN0Yb/t5UVbA=="
    },
    "@uirouter/core": {
      "version": "5.0.3",
      "resolved": "https://registry.npmjs.org/@uirouter/core/-/core-5.0.3.tgz",
      "integrity": "sha1-4rWx5FGQ4gxnuk4VwBPeXU4MyrM="
    },
    "angular": {
      "version": "1.6.4",
      "resolved": "https://registry.npmjs.org/angular/-/angular-1.6.4.tgz",
      "integrity": "sha1-A7exXAGggC1+LPWTJA5gQFTcd/s="
    },
    "angular-jwt": {
      "version": "0.1.9",
      "resolved": "https://registry.npmjs.org/angular-jwt/-/angular-jwt-0.1.9.tgz",
      "integrity": "sha1-24vPGPBapXMgrC/aFh1+liLAmcM="
    },
    "angular-storage": {
      "version": "0.0.15",
      "resolved": "https://registry.npmjs.org/angular-storage/-/angular-storage-0.0.15.tgz",
      "integrity": "sha1-AF1kgImChI2UlyXisr+Qod0nr8E="
    },
    "auth0-angular": {
      "version": "4.2.7",
      "resolved": "https://registry.npmjs.org/auth0-angular/-/auth0-angular-4.2.7.tgz",
      "integrity": "sha1-Y9n/uAlhfRBRGlD0JwMAuAp/ptk="
    },
    "bootstrap": {
      "version": "3.3.7",
      "resolved": "https://registry.npmjs.org/bootstrap/-/bootstrap-3.3.7.tgz",
      "integrity": "sha1-WjiTlFSfIzMIdaOxUGVldPip63E="
    }
  }
}
